# This file was autogenerated by Stack.
# You should not edit this file by hand.
# For more information, please see the documentation at:
#   https://docs.haskellstack.org/en/stable/lock_files

packages:
- completed:
    hackage: ghc-parser-0.2.2.0@sha256:a8ca5ecc83ec59c998d566c547eb0addf69330744c42eafb4c774c0ce8d93883,1190
    pantry-tree:
      size: 488
      sha256: c74b51af6ff33494bea70a91a3a158554b00ea4a35c5b95e91b26296359d41c6
  original:
    hackage: ghc-parser-0.2.2.0@sha256:a8ca5ecc83ec59c998d566c547eb0addf69330744c42eafb4c774c0ce8d93883,1190
- completed:
    hackage: ipython-kernel-0.10.2.1@sha256:3a2ba95eb65be03d8c548d8afacfed52d9acc49e357065c25e77816358093c19,2834
    pantry-tree:
      size: 792
      sha256: a8f039d2f5ca5a92d47be1158e44f87faae95cfd2d410afd400df578fe071569
  original:
    hackage: ipython-kernel-0.10.2.1@sha256:3a2ba95eb65be03d8c548d8afacfed52d9acc49e357065c25e77816358093c19,2834
- completed:
    hackage: ihaskell-0.10.1.2@sha256:2e70fc8bafc1bf8fa9df5c903bee894fc4e89f2d22a195519800b9dcb4cbc724,6501
    pantry-tree:
      size: 2359
      sha256: 78027fa228abc82a2d7391e9c5205b9c3ce643da37841121f8d5f91177984cb3
  original:
    hackage: ihaskell-0.10.1.2@sha256:2e70fc8bafc1bf8fa9df5c903bee894fc4e89f2d22a195519800b9dcb4cbc724,6501
snapshots:
- completed:
    size: 491372
    url: https://raw.githubusercontent.com/commercialhaskell/stackage-snapshots/master/lts/15/5.yaml
    sha256: 1b549cfff328040c382a70a84a2087aac8dab6d778bf92f32a93a771a1980dfc
  original: lts-15.5
